
Microsoft Visual Studio Solution File, Format Version 12.00
# Visual Studio Version 16
VisualStudioVersion = 16.0.29102.190
MinimumVisualStudioVersion = 10.0.40219.1
Project("{2150E333-8FDC-42A3-9474-1A3956D46DE8}") = "TaxaJuros", "TaxaJuros", "{7752C170-AB3F-49FB-9A40-EAFEA7E3E451}"
EndProject
Project("{2150E333-8FDC-42A3-9474-1A3956D46DE8}") = "Calcula", "Calcula", "{0E9123D0-1E3F-47CB-AFD7-E8015D34F034}"
EndProject
Project("{2150E333-8FDC-42A3-9474-1A3956D46DE8}") = "Api", "Api", "{32644D26-4588-42E0-9A8A-9A41E2CD1D05}"
EndProject
Project("{2150E333-8FDC-42A3-9474-1A3956D46DE8}") = "Domain", "Domain", "{2B9DD033-13CA-4EBA-AC1D-FCC65F23A73F}"
EndProject
Project("{2150E333-8FDC-42A3-9474-1A3956D46DE8}") = "Api", "Api", "{1A4F0BAE-F38F-4F00-A7BE-4AE990AAD722}"
EndProject
Project("{2150E333-8FDC-42A3-9474-1A3956D46DE8}") = "Domain", "Domain", "{A0067DFA-ADF5-4AFE-86A1-AE9DE9F51850}"
EndProject
Project("{2150E333-8FDC-42A3-9474-1A3956D46DE8}") = "Infra", "Infra", "{6895BDE7-284B-4486-BA9D-6C095697E383}"
EndProject
Project("{2150E333-8FDC-42A3-9474-1A3956D46DE8}") = "Tests", "Tests", "{5BB728FD-47D5-4E8F-A627-B31321BF8789}"
EndProject
Project("{9A19103F-16F7-4668-BE54-9A1E7A4F7556}") = "CalculaJuros.Api.TaxaJuros", "TaxaJuros\CalculaJuros.TaxaJuros.Api\CalculaJuros.Api.TaxaJuros.csproj", "{A23DFDEE-7387-4E25-8AD7-E5D06F0EF50E}"
EndProject
Project("{9A19103F-16F7-4668-BE54-9A1E7A4F7556}") = "CalculaJuros.TaxaJuros.Domain", "TaxaJuros\CalculaJuros.TaxaJuros.Domain\CalculaJuros.TaxaJuros.Domain.csproj", "{6EE4937B-4D13-41B9-B109-669ED2555A38}"
EndProject
Project("{9A19103F-16F7-4668-BE54-9A1E7A4F7556}") = "CalculaJuros.TaxaJuros.Infra", "TaxaJuros\CalculaJuros.TaxaJuros.Infrastructure\CalculaJuros.TaxaJuros.Infra.csproj", "{EE7E7EC6-991A-4C54-91F6-BADBDD440792}"
EndProject
Project("{9A19103F-16F7-4668-BE54-9A1E7A4F7556}") = "CalculaJuros.TaxaJuros.Test", "TaxaJuros\CalculaJuros.TaxaJuros.Test\CalculaJuros.TaxaJuros.Test.csproj", "{015B3167-7DB7-440E-9DF8-BA74A2BA0B12}"
EndProject
Project("{9A19103F-16F7-4668-BE54-9A1E7A4F7556}") = "CalculaJuros.Api.Calcula", "Calcula\CalculaJuros.Calcula.Api\CalculaJuros.Api.Calcula.csproj", "{9F594D8A-15FB-4755-84F2-CD87C7EB8EF8}"
EndProject
Global
	GlobalSection(SolutionConfigurationPlatforms) = preSolution
		Debug|Any CPU = Debug|Any CPU
		Release|Any CPU = Release|Any CPU
	EndGlobalSection
	GlobalSection(ProjectConfigurationPlatforms) = postSolution
		{A23DFDEE-7387-4E25-8AD7-E5D06F0EF50E}.Debug|Any CPU.ActiveCfg = Debug|Any CPU
		{A23DFDEE-7387-4E25-8AD7-E5D06F0EF50E}.Debug|Any CPU.Build.0 = Debug|Any CPU
		{A23DFDEE-7387-4E25-8AD7-E5D06F0EF50E}.Release|Any CPU.ActiveCfg = Release|Any CPU
		{A23DFDEE-7387-4E25-8AD7-E5D06F0EF50E}.Release|Any CPU.Build.0 = Release|Any CPU
		{6EE4937B-4D13-41B9-B109-669ED2555A38}.Debug|Any CPU.ActiveCfg = Debug|Any CPU
		{6EE4937B-4D13-41B9-B109-669ED2555A38}.Debug|Any CPU.Build.0 = Debug|Any CPU
		{6EE4937B-4D13-41B9-B109-669ED2555A38}.Release|Any CPU.ActiveCfg = Release|Any CPU
		{6EE4937B-4D13-41B9-B109-669ED2555A38}.Release|Any CPU.Build.0 = Release|Any CPU
		{EE7E7EC6-991A-4C54-91F6-BADBDD440792}.Debug|Any CPU.ActiveCfg = Debug|Any CPU
		{EE7E7EC6-991A-4C54-91F6-BADBDD440792}.Debug|Any CPU.Build.0 = Debug|Any CPU
		{EE7E7EC6-991A-4C54-91F6-BADBDD440792}.Release|Any CPU.ActiveCfg = Release|Any CPU
		{EE7E7EC6-991A-4C54-91F6-BADBDD440792}.Release|Any CPU.Build.0 = Release|Any CPU
		{015B3167-7DB7-440E-9DF8-BA74A2BA0B12}.Debug|Any CPU.ActiveCfg = Debug|Any CPU
		{015B3167-7DB7-440E-9DF8-BA74A2BA0B12}.Debug|Any CPU.Build.0 = Debug|Any CPU
		{015B3167-7DB7-440E-9DF8-BA74A2BA0B12}.Release|Any CPU.ActiveCfg = Release|Any CPU
		{015B3167-7DB7-440E-9DF8-BA74A2BA0B12}.Release|Any CPU.Build.0 = Release|Any CPU
		{9F594D8A-15FB-4755-84F2-CD87C7EB8EF8}.Debug|Any CPU.ActiveCfg = Debug|Any CPU
		{9F594D8A-15FB-4755-84F2-CD87C7EB8EF8}.Debug|Any CPU.Build.0 = Debug|Any CPU
		{9F594D8A-15FB-4755-84F2-CD87C7EB8EF8}.Release|Any CPU.ActiveCfg = Release|Any CPU
		{9F594D8A-15FB-4755-84F2-CD87C7EB8EF8}.Release|Any CPU.Build.0 = Release|Any CPU
	EndGlobalSection
	GlobalSection(SolutionProperties) = preSolution
		HideSolutionNode = FALSE
	EndGlobalSection
	GlobalSection(NestedProjects) = preSolution
		{32644D26-4588-42E0-9A8A-9A41E2CD1D05} = {0E9123D0-1E3F-47CB-AFD7-E8015D34F034}
		{2B9DD033-13CA-4EBA-AC1D-FCC65F23A73F} = {0E9123D0-1E3F-47CB-AFD7-E8015D34F034}
		{1A4F0BAE-F38F-4F00-A7BE-4AE990AAD722} = {7752C170-AB3F-49FB-9A40-EAFEA7E3E451}
		{A0067DFA-ADF5-4AFE-86A1-AE9DE9F51850} = {7752C170-AB3F-49FB-9A40-EAFEA7E3E451}
		{6895BDE7-284B-4486-BA9D-6C095697E383} = {7752C170-AB3F-49FB-9A40-EAFEA7E3E451}
		{5BB728FD-47D5-4E8F-A627-B31321BF8789} = {7752C170-AB3F-49FB-9A40-EAFEA7E3E451}
		{A23DFDEE-7387-4E25-8AD7-E5D06F0EF50E} = {1A4F0BAE-F38F-4F00-A7BE-4AE990AAD722}
		{6EE4937B-4D13-41B9-B109-669ED2555A38} = {A0067DFA-ADF5-4AFE-86A1-AE9DE9F51850}
		{EE7E7EC6-991A-4C54-91F6-BADBDD440792} = {6895BDE7-284B-4486-BA9D-6C095697E383}
		{015B3167-7DB7-440E-9DF8-BA74A2BA0B12} = {5BB728FD-47D5-4E8F-A627-B31321BF8789}
		{9F594D8A-15FB-4755-84F2-CD87C7EB8EF8} = {32644D26-4588-42E0-9A8A-9A41E2CD1D05}
	EndGlobalSection
	GlobalSection(ExtensibilityGlobals) = postSolution
		SolutionGuid = {7F9074DD-8A46-475A-8BE2-36F6961B2EC4}
	EndGlobalSection
EndGlobal
